<?xml version="1.0" encoding="utf-8"?>
<Project ToolsVersion="4.0" xmlns="http://schemas.microsoft.com/developer/msbuild/2003">
  <ItemGroup>
    <Filter Include="JigsawVisual">
      <UniqueIdentifier>{c3b4aad3-6584-4bcc-b8cd-8f0c0285d3e2}</UniqueIdentifier>
    </Filter>
    <Filter Include="IntersectionDetector">
      <UniqueIdentifier>{fe3eaa5b-f732-4144-84b8-395eb0f33c19}</UniqueIdentifier>
    </Filter>
    <Filter Include="IntersectionDetector\CUDAImageTransform">
      <UniqueIdentifier>{60db5ad8-f458-4368-9685-4817567154a3}</UniqueIdentifier>
    </Filter>
  </ItemGroup>
  <ItemGroup>
    <ClInclude Include="Edge.h" />
    <ClInclude Include="JigsawOpt2.h" />
    <ClInclude Include="Loop.h" />
    <ClInclude Include="MultiGraph.h" />
    <ClInclude Include="Parameters.h" />
    <ClInclude Include="Utils.h" />
    <ClInclude Include="JigsawVisual\JigsawVisual.h">
      <Filter>JigsawVisual</Filter>
    </ClInclude>
    <ClInclude Include="JigsawVisual\Utils.h">
      <Filter>JigsawVisual</Filter>
    </ClInclude>
    <ClInclude Include="IntersectionDetector\CUDAImage.h">
      <Filter>IntersectionDetector</Filter>
    </ClInclude>
    <ClInclude Include="IntersectionDetector\CUDAImgIntersectionDetector.h">
      <Filter>IntersectionDetector</Filter>
    </ClInclude>
    <ClInclude Include="IntersectionDetector\CUDAImageTransform\TransformImage.cuh">
      <Filter>IntersectionDetector\CUDAImageTransform</Filter>
    </ClInclude>
    <ClInclude Include="IntersectionDetector\CUDAImageTransform\TransformImage.h">
      <Filter>IntersectionDetector\CUDAImageTransform</Filter>
    </ClInclude>
    <ClInclude Include="IntersectionDetector\CUDAImageTransform\Utils.h">
      <Filter>IntersectionDetector\CUDAImageTransform</Filter>
    </ClInclude>
  </ItemGroup>
  <ItemGroup>
    <ClCompile Include="JigsawOpt2.cpp" />
    <ClCompile Include="main.cpp" />
    <ClCompile Include="MultiGraph.cpp" />
    <ClCompile Include="Parameters.cpp" />
    <ClCompile Include="JigsawVisual\JigsawVisual.cpp">
      <Filter>JigsawVisual</Filter>
    </ClCompile>
    <ClCompile Include="IntersectionDetector\CUDAImgIntersectionDetector.cpp">
      <Filter>IntersectionDetector</Filter>
    </ClCompile>
    <ClCompile Include="IntersectionDetector\CUDAImageTransform\TransformImage.cpp">
      <Filter>IntersectionDetector\CUDAImageTransform</Filter>
    </ClCompile>
    <ClCompile Include="IntersectionDetector\CUDAImageTransform\Utils.cpp">
      <Filter>IntersectionDetector\CUDAImageTransform</Filter>
    </ClCompile>
  </ItemGroup>
  <ItemGroup>
    <Natvis Include="NatvisFile.natvis" />
  </ItemGroup>
  <ItemGroup>
    <CudaCompile Include="IntersectionDetector\CUDAImageTransform\TransformImage.cu">
      <Filter>IntersectionDetector\CUDAImageTransform</Filter>
    </CudaCompile>
  </ItemGroup>
</Project>